
Microsoft Visual Studio Solution File, Format Version 12.00
# Visual Studio Version 17
VisualStudioVersion = 17.0.31919.166
MinimumVisualStudioVersion = 10.0.40219.1
Project("{FAE04EC0-301F-11D3-BF4B-00C04F79EFBC}") = "Homework7_Task2", "Homework7_Task2.csproj", "{A111A805-ED08-45F5-B7C4-DBC8B8B6EB52}"
EndProject
Global
	GlobalSection(SolutionConfigurationPlatforms) = preSolution
		Debug|Any CPU = Debug|Any CPU
		Release|Any CPU = Release|Any CPU
	EndGlobalSection
	GlobalSection(ProjectConfigurationPlatforms) = postSolution
		{A111A805-ED08-45F5-B7C4-DBC8B8B6EB52}.Debug|Any CPU.ActiveCfg = Debug|Any CPU
		{A111A805-ED08-45F5-B7C4-DBC8B8B6EB52}.Debug|Any CPU.Build.0 = Debug|Any CPU
		{A111A805-ED08-45F5-B7C4-DBC8B8B6EB52}.Release|Any CPU.ActiveCfg = Release|Any CPU
		{A111A805-ED08-45F5-B7C4-DBC8B8B6EB52}.Release|Any CPU.Build.0 = Release|Any CPU
	EndGlobalSection
	GlobalSection(SolutionProperties) = preSolution
		HideSolutionNode = FALSE
	EndGlobalSection
	GlobalSection(ExtensibilityGlobals) = postSolution
		SolutionGuid = {0334832E-D230-43FD-98CD-9449133840E8}
	EndGlobalSection
EndGlobal
